
Microsoft Visual Studio Solution File, Format Version 12.00
# Visual Studio Version 16
VisualStudioVersion = 16.0.32602.291
MinimumVisualStudioVersion = 10.0.40219.1
Project("{FAE04EC0-301F-11D3-BF4B-00C04F79EFBC}") = "DoveWeb", "DoveWeb.csproj", "{CC6A2498-DC54-4954-8B89-C970D861322A}"
EndProject
Global
	GlobalSection(SolutionConfigurationPlatforms) = preSolution
		Debug|Any CPU = Debug|Any CPU
		Release|Any CPU = Release|Any CPU
	EndGlobalSection
	GlobalSection(ProjectConfigurationPlatforms) = postSolution
		{CC6A2498-DC54-4954-8B89-C970D861322A}.Debug|Any CPU.ActiveCfg = Debug|Any CPU
		{CC6A2498-DC54-4954-8B89-C970D861322A}.Debug|Any CPU.Build.0 = Debug|Any CPU
		{CC6A2498-DC54-4954-8B89-C970D861322A}.Release|Any CPU.ActiveCfg = Release|Any CPU
		{CC6A2498-DC54-4954-8B89-C970D861322A}.Release|Any CPU.Build.0 = Release|Any CPU
	EndGlobalSection
	GlobalSection(SolutionProperties) = preSolution
		HideSolutionNode = FALSE
	EndGlobalSection
	GlobalSection(ExtensibilityGlobals) = postSolution
		SolutionGuid = {7B83BC07-C248-4116-9C99-264DEC67B29E}
	EndGlobalSection
EndGlobal
